# This file is generated by running "yarn install" inside your project.
# Manual changes might be lost - proceed with caution!

__metadata:
  version: 10
  cacheKey: 10c0

"@oxc-project/types@npm:=0.146.0":
  version: 0.146.0
  resolution: "@oxc-project/types@npm:0.146.0"
  checksum: 10c0/15e99d1d4d9233244262779b6e3bbaf7f11a4e62b57c21ef3755acbec469cb90cd468548103fec282af649096e9c6389fd5221c28b268579061352c49b29f4c8
  languageName: node
  linkType: hard

"@quansync/fs@npm:^1.0.0":
  version: 1.0.0
  resolution: "@quansync/fs@npm:1.0.0"
  dependencies:
    quansync: "npm:^1.0.0"
  checksum: 10c0/41a7e145d4fc349eaeac20ee7ffe0c876a7c26b2268d5704b462b3e7379091221336e315b2b346d5b07a531502a41cad15c9f374800cc60b6339d074ef99aa16
  languageName: node
  linkType: hard

"@rolldown/binding-android-arm-eabi@npm:1.2.5":
  version: 1.2.5
  resolution: "@rolldown/binding-android-arm-eabi@npm:1.2.5"
  conditions: os=android & cpu=arm
  languageName: node
  linkType: hard

"@rolldown/binding-android-arm64@npm:1.2.5":
  version: 1.2.5
  resolution: "@rolldown/binding-android-arm64@npm:1.2.5"
  conditions: os=android & cpu=arm64
  languageName: node
  linkType: hard

"@rolldown/binding-darwin-arm64@npm:1.2.5":
  version: 1.2.5
  resolution: "@rolldown/binding-darwin-arm64@npm:1.2.5"
  conditions: os=darwin & cpu=arm64
  languageName: node
  linkType: hard

"@rolldown/binding-darwin-x64@npm:1.2.5":
  version: 1.2.5
  resolution: "@rolldown/binding-darwin-x64@npm:1.2.5"
  conditions: os=darwin & cpu=x64
  languageName: node
  linkType: hard

"@rolldown/binding-freebsd-x64@npm:1.2.5":
  version: 1.2.5
  resolution: "@rolldown/binding-freebsd-x64@npm:1.2.5"
  conditions: os=freebsd & cpu=x64
  languageName: node
  linkType: hard

"@rolldown/binding-linux-arm-gnueabihf@npm:1.2.5":
  version: 1.2.5
  resolution: "@rolldown/binding-linux-arm-gnueabihf@npm:1.2.5"
  conditions: os=linux & cpu=arm
  languageName: node
  linkType: hard

"@rolldown/binding-linux-arm64-gnu@npm:1.2.5":
  version: 1.2.5
  resolution: "@rolldown/binding-linux-arm64-gnu@npm:1.2.5"
  conditions: os=linux & cpu=arm64 & libc=glibc
  languageName: node
  linkType: hard

"@rolldown/binding-linux-arm64-musl@npm:1.2.5":
  version: 1.2.5
  resolution: "@rolldown/binding-linux-arm64-musl@npm:1.2.5"
  conditions: os=linux & cpu=arm64 & libc=musl
  languageName: node
  linkType: hard

"@rolldown/binding-linux-ppc64-gnu@npm:1.2.5":
  version: 1.2.5
  resolution: "@rolldown/binding-linux-ppc64-gnu@npm:1.2.5"
  conditions: os=linux & cpu=ppc64 & libc=glibc
  languageName: node
  linkType: hard

"@rolldown/binding-linux-s390x-gnu@npm:1.2.5":
  version: 1.2.5
  resolution: "@rolldown/binding-linux-s390x-gnu@npm:1.2.5"
  conditions: os=linux & cpu=s390x & libc=glibc
  languageName: node
  linkType: hard

"@rolldown/binding-linux-x64-gnu@npm:1.2.5":
  version: 1.2.5
  resolution: "@rolldown/binding-linux-x64-gnu@npm:1.2.5"
  conditions: os=linux & cpu=x64 & libc=glibc
  languageName: node
  linkType: hard

"@rolldown/binding-linux-x64-musl@npm:1.2.5":
  version: 1.2.5
  resolution: "@rolldown/binding-linux-x64-musl@npm:1.2.5"
  conditions: os=linux & cpu=x64 & libc=musl
  languageName: node
  linkType: hard

"@rolldown/binding-openharmony-arm64@npm:1.2.5":
  version: 1.2.5
  resolution: "@rolldown/binding-openharmony-arm64@npm:1.2.5"
  conditions: os=openharmony & cpu=arm64
  languageName: node
  linkType: hard

"@rolldown/binding-win32-arm64-msvc@npm:1.2.5":
  version: 1.2.5
  resolution: "@rolldown/binding-win32-arm64-msvc@npm:1.2.5"
  conditions: os=win32 & cpu=arm64
  languageName: node
  linkType: hard

"@rolldown/binding-win32-x64-msvc@npm:1.2.5":
  version: 1.2.5
  resolution: "@rolldown/binding-win32-x64-msvc@npm:1.2.5"
  conditions: os=win32 & cpu=x64
  languageName: node
  linkType: hard

"@rolldown/pluginutils@npm:^1.0.0":
  version: 1.0.1
  resolution: "@rolldown/pluginutils@npm:1.0.1"
  checksum: 10c0/99d9b06d90196823e4d8c841f258db7a16e5dbba5824a2962b05d907b79f1ba929d56f22dd744fd530936e568c865ee56a719dc31e57e13bc0a8eb4764a8d8dd
  languageName: node
  linkType: hard

"@types/vscode@npm:^1.134.0":
  version: 1.134.0
  resolution: "@types/vscode@npm:1.134.0"
  checksum: 10c0/c027cecc334c84679aefde3884e584cd9294a041578440dc1a4efeef98cd4fdfb0135bcdab420547cc9b60f9630b1b29f2f5841a885ab566ee0fc81c3d7e5d89
  languageName: node
  linkType: hard

"@vscode/l10n@npm:^0.0.18":
  version: 0.0.18
  resolution: "@vscode/l10n@npm:0.0.18"
  checksum: 10c0/d1fc797001f7d508ab3fa91175f7a50ea98516c4e47830ff2be79163cde9279279514a167a3bad15b7ab7fc243e7808d8f32d3eb41f4a7d6721d9dfdbb38d89e
  languageName: node
  linkType: hard

"@yuku-codegen/binding-android-arm64@npm:0.8.7":
  version: 0.8.7
  resolution: "@yuku-codegen/binding-android-arm64@npm:0.8.7"
  conditions: os=android & cpu=arm64
  languageName: node
  linkType: hard

"@yuku-codegen/binding-darwin-arm64@npm:0.8.7":
  version: 0.8.7
  resolution: "@yuku-codegen/binding-darwin-arm64@npm:0.8.7"
  conditions: os=darwin & cpu=arm64
  languageName: node
  linkType: hard

"@yuku-codegen/binding-darwin-x64@npm:0.8.7":
  version: 0.8.7
  resolution: "@yuku-codegen/binding-darwin-x64@npm:0.8.7"
  conditions: os=darwin & cpu=x64
  languageName: node
  linkType: hard

"@yuku-codegen/binding-freebsd-x64@npm:0.8.7":
  version: 0.8.7
  resolution: "@yuku-codegen/binding-freebsd-x64@npm:0.8.7"
  conditions: os=freebsd & cpu=x64
  languageName: node
  linkType: hard

"@yuku-codegen/binding-linux-arm-gnu@npm:0.8.7":
  version: 0.8.7
  resolution: "@yuku-codegen/binding-linux-arm-gnu@npm:0.8.7"
  conditions: os=linux & cpu=arm & libc=glibc
  languageName: node
  linkType: hard

"@yuku-codegen/binding-linux-arm-musl@npm:0.8.7":
  version: 0.8.7
  resolution: "@yuku-codegen/binding-linux-arm-musl@npm:0.8.7"
  conditions: os=linux & cpu=arm & libc=musl
  languageName: node
  linkType: hard

"@yuku-codegen/binding-linux-arm64-gnu@npm:0.8.7":
  version: 0.8.7
  resolution: "@yuku-codegen/binding-linux-arm64-gnu@npm:0.8.7"
  conditions: os=linux & cpu=arm64 & libc=glibc
  languageName: node
  linkType: hard

"@yuku-codegen/binding-linux-arm64-musl@npm:0.8.7":
  version: 0.8.7
  resolution: "@yuku-codegen/binding-linux-arm64-musl@npm:0.8.7"
  conditions: os=linux & cpu=arm64 & libc=musl
  languageName: node
  linkType: hard

"@yuku-codegen/binding-linux-x64-gnu@npm:0.8.7":
  version: 0.8.7
  resolution: "@yuku-codegen/binding-linux-x64-gnu@npm:0.8.7"
  conditions: os=linux & cpu=x64 & libc=glibc
  languageName: node
  linkType: hard

"@yuku-codegen/binding-linux-x64-musl@npm:0.8.7":
  version: 0.8.7
  resolution: "@yuku-codegen/binding-linux-x64-musl@npm:0.8.7"
  conditions: os=linux & cpu=x64 & libc=musl
  languageName: node
  linkType: hard

"@yuku-codegen/binding-win32-arm64@npm:0.8.7":
  version: 0.8.7
  resolution: "@yuku-codegen/binding-win32-arm64@npm:0.8.7"
  conditions: os=win32 & cpu=arm64
  languageName: node
  linkType: hard

"@yuku-codegen/binding-win32-x64@npm:0.8.7":
  version: 0.8.7
  resolution: "@yuku-codegen/binding-win32-x64@npm:0.8.7"
  conditions: os=win32 & cpu=x64
  languageName: node
  linkType: hard

"@yuku-parser/binding-android-arm64@npm:0.8.7":
  version: 0.8.7
  resolution: "@yuku-parser/binding-android-arm64@npm:0.8.7"
  conditions: os=android & cpu=arm64
  languageName: node
  linkType: hard

"@yuku-parser/binding-darwin-arm64@npm:0.8.7":
  version: 0.8.7
  resolution: "@yuku-parser/binding-darwin-arm64@npm:0.8.7"
  conditions: os=darwin & cpu=arm64
  languageName: node
  linkType: hard

"@yuku-parser/binding-darwin-x64@npm:0.8.7":
  version: 0.8.7
  resolution: "@yuku-parser/binding-darwin-x64@npm:0.8.7"
  conditions: os=darwin & cpu=x64
  languageName: node
  linkType: hard

"@yuku-parser/binding-freebsd-x64@npm:0.8.7":
  version: 0.8.7
  resolution: "@yuku-parser/binding-freebsd-x64@npm:0.8.7"
  conditions: os=freebsd & cpu=x64
  languageName: node
  linkType: hard

"@yuku-parser/binding-linux-arm-gnu@npm:0.8.7":
  version: 0.8.7
  resolution: "@yuku-parser/binding-linux-arm-gnu@npm:0.8.7"
  conditions: os=linux & cpu=arm & libc=glibc
  languageName: node
  linkType: hard

"@yuku-parser/binding-linux-arm-musl@npm:0.8.7":
  version: 0.8.7
  resolution: "@yuku-parser/binding-linux-arm-musl@npm:0.8.7"
  conditions: os=linux & cpu=arm & libc=musl
  languageName: node
  linkType: hard

"@yuku-parser/binding-linux-arm64-gnu@npm:0.8.7":
  version: 0.8.7
  resolution: "@yuku-parser/binding-linux-arm64-gnu@npm:0.8.7"
  conditions: os=linux & cpu=arm64 & libc=glibc
  languageName: node
  linkType: hard

"@yuku-parser/binding-linux-arm64-musl@npm:0.8.7":
  version: 0.8.7
  resolution: "@yuku-parser/binding-linux-arm64-musl@npm:0.8.7"
  conditions: os=linux & cpu=arm64 & libc=musl
  languageName: node
  linkType: hard

"@yuku-parser/binding-linux-x64-gnu@npm:0.8.7":
  version: 0.8.7
  resolution: "@yuku-parser/binding-linux-x64-gnu@npm:0.8.7"
  conditions: os=linux & cpu=x64 & libc=glibc
  languageName: node
  linkType: hard

"@yuku-parser/binding-linux-x64-musl@npm:0.8.7":
  version: 0.8.7
  resolution: "@yuku-parser/binding-linux-x64-musl@npm:0.8.7"
  conditions: os=linux & cpu=x64 & libc=musl
  languageName: node
  linkType: hard

"@yuku-parser/binding-win32-arm64@npm:0.8.7":
  version: 0.8.7
  resolution: "@yuku-parser/binding-win32-arm64@npm:0.8.7"
  conditions: os=win32 & cpu=arm64
  languageName: node
  linkType: hard

"@yuku-parser/binding-win32-x64@npm:0.8.7":
  version: 0.8.7
  resolution: "@yuku-parser/binding-win32-x64@npm:0.8.7"
  conditions: os=win32 & cpu=x64
  languageName: node
  linkType: hard

"@yuku-toolchain/types@npm:^0.8.7":
  version: 0.8.7
  resolution: "@yuku-toolchain/types@npm:0.8.7"
  checksum: 10c0/f39627b323524d4007f8a01a05c2defce13ec1b98cc33dbefd12c7652ecbe966b5235c410e638f91d2d1f9345afbe38433abf39e7992141d8634416ed6ee6c67
  languageName: node
  linkType: hard

"ansis@npm:^4.3.1":
  version: 4.3.1
  resolution: "ansis@npm:4.3.1"
  checksum: 10c0/d1a48090f9c33b18f254a3496e5336a20391a51140b552a1c0bc38710ae7c8bc36a62658f28759797d7bce15e89b893e9ef1962ea1ea42a291d112263f6e593c
  languageName: node
  linkType: hard

"cac@npm:^7.0.0":
  version: 7.0.0
  resolution: "cac@npm:7.0.0"
  checksum: 10c0/e9da33cb9f0425546ae92a450d479276f9969a050fe64f5d6fedf058bdd87f22a370797fe1c158e07655fa9fc183749df7cb2037431e3772faa7bee9919fb763
  languageName: node
  linkType: hard

"defu@npm:^6.1.7":
  version: 6.1.7
  resolution: "defu@npm:6.1.7"
  checksum: 10c0/e6635388103c8be3c574ac31302f6930e5e6eeedba32cb1b30cf993c7d9fb571aec2485446dfa23bfa63e55e66156fe109027a9695db82a50f931e91e8d4bedb
  languageName: node
  linkType: hard

"dts-resolver@npm:^3.0.0":
  version: 3.0.0
  resolution: "dts-resolver@npm:3.0.0"
  peerDependencies:
    oxc-resolver: ">=11.0.0"
  peerDependenciesMeta:
    oxc-resolver:
      optional: true
  checksum: 10c0/ae52c4e09b43def702b02d7edbfa04798522907f22879809f8890e5c61fc762403f46a1c415c2d1a6440b01960bbaf98c72def1771b0962d3b15fec40983a4ab
  languageName: node
  linkType: hard

"empathic@npm:^2.0.1":
  version: 2.0.1
  resolution: "empathic@npm:2.0.1"
  checksum: 10c0/577f2868bfcad4ffbf911b57c75016125eb8cc8a7d32cf2d3e9fbcb31bfe6e9e6b66d9457ac34ccb2cd38bff353b3af34287899e0360b8c561ff6d4a048aca62
  languageName: node
  linkType: hard

"fdir@npm:^6.5.0":
  version: 6.5.0
  resolution: "fdir@npm:6.5.0"
  peerDependencies:
    picomatch: ^3 || ^4
  peerDependenciesMeta:
    picomatch:
      optional: true
  checksum: 10c0/e345083c4306b3aed6cb8ec551e26c36bab5c511e99ea4576a16750ddc8d3240e63826cc624f5ae17ad4dc82e68a253213b60d556c11bfad064b7607847ed07f
  languageName: node
  linkType: hard

"get-tsconfig@npm:5.0.0-beta.5":
  version: 5.0.0-beta.5
  resolution: "get-tsconfig@npm:5.0.0-beta.5"
  dependencies:
    resolve-pkg-maps: "npm:^1.0.0"
  checksum: 10c0/fd96e2a7d872703d8c5d7ed5d5d884a4e33f6cd9f012aa68a3c7aae700b84b502e41c06641a3d0667b1e8c8f7d497857dd6d3bba3987d2e5f59d95e49fb6e3b9
  languageName: node
  linkType: hard

"hookable@npm:^6.1.1":
  version: 6.1.1
  resolution: "hookable@npm:6.1.1"
  checksum: 10c0/bb46cd9ffc0a997af21febd97835da4e59a6989adec73dc3c215fcc44c7ac01de4781f251c3d420bf45862d2592a695f5f0de095b6f5df52db8afb5166938212
  languageName: node
  linkType: hard

"import-without-cache@npm:^0.4.0":
  version: 0.4.0
  resolution: "import-without-cache@npm:0.4.0"
  checksum: 10c0/5ba51078dc15f08cd1ef4e12f3d274a7e1906319ac831b5ddf036a033ab3b4395264b93c64be8b6050be27546754a4c3a84fcfbe8e827ba221203cc47c608a46
  languageName: node
  linkType: hard

"next-yak-vscode@workspace:.":
  version: 0.0.0-use.local
  resolution: "next-yak-vscode@workspace:."
  dependencies:
    "@types/vscode": "npm:^1.134.0"
    tsdown: "npm:^0.22.14"
    typescript: "npm:~6.0.2"
    vscode-css-languageservice: "npm:^6.3.10"
    vscode-languageserver-textdocument: "npm:^1.0.12"
  languageName: unknown
  linkType: soft

"obug@npm:^2.1.4":
  version: 2.1.4
  resolution: "obug@npm:2.1.4"
  checksum: 10c0/34a0ee97cd88573cfd97d384c2a79f07118ae5680d7e45d1de6e99c74eddefe145e8ca27a2db02195a1ee5fded5aa22b924869c842728c201b9f109a27d0ef19
  languageName: node
  linkType: hard

"picomatch@npm:^4.0.4, picomatch@npm:^4.0.5":
  version: 4.0.5
  resolution: "picomatch@npm:4.0.5"
  checksum: 10c0/947bc6b6e1ff1e6c5aaf95b107a0839d12802f4f7b867663f67d47accba939ca1cb582cf99dfc30438efa1c4648ac5990967e783e8929c36b03e8440704ef1bd
  languageName: node
  linkType: hard

"quansync@npm:^1.0.0":
  version: 1.0.0
  resolution: "quansync@npm:1.0.0"
  checksum: 10c0/076542634399a0cc46078baab6b31acee7a88c5a435234345f645aedaa42bc6a63836e655fb39b1b21a83c98ec86a4b73ec5e2b2d6f3fdc22711eeeff9463253
  languageName: node
  linkType: hard

"resolve-pkg-maps@npm:^1.0.0":
  version: 1.0.0
  resolution: "resolve-pkg-maps@npm:1.0.0"
  checksum: 10c0/fb8f7bbe2ca281a73b7ef423a1cbc786fb244bd7a95cbe5c3fba25b27d327150beca8ba02f622baea65919a57e061eb5005204daa5f93ed590d9b77463a567ab
  languageName: node
  linkType: hard

"rolldown-plugin-dts@npm:^0.27.13":
  version: 0.27.14
  resolution: "rolldown-plugin-dts@npm:0.27.14"
  dependencies:
    dts-resolver: "npm:^3.0.0"
    get-tsconfig: "npm:5.0.0-beta.5"
    obug: "npm:^2.1.4"
    yuku-ast: "npm:^0.8.0"
    yuku-codegen: "npm:^0.8.0"
    yuku-parser: "npm:^0.8.0"
  peerDependencies:
    "@typescript/native-preview": "*"
    "@volar/typescript": ~2.4.0
    rolldown: ^1.0.0
    typescript: ^5.0.0 || ^6.0.0 || ~7.0.0
    vue-tsc: ~3.2.0 || ~3.3.0
  peerDependenciesMeta:
    "@typescript/native-preview":
      optional: true
    "@volar/typescript":
      optional: true
    typescript:
      optional: true
    vue-tsc:
      optional: true
  checksum: 10c0/dc384c04204d269ff205356e824fa5b644bb940e6c3772eb99f2b89be7ab9c8c7971d9b4a6b4c35cf1030f9e4d8f35ea1602a65500c6c82df187d4878271f7ff
  languageName: node
  linkType: hard

"rolldown@npm:~1.2.0":
  version: 1.2.5
  resolution: "rolldown@npm:1.2.5"
  dependencies:
    "@oxc-project/types": "npm:=0.146.0"
    "@rolldown/binding-android-arm-eabi": "npm:1.2.5"
    "@rolldown/binding-android-arm64": "npm:1.2.5"
    "@rolldown/binding-darwin-arm64": "npm:1.2.5"
    "@rolldown/binding-darwin-x64": "npm:1.2.5"
    "@rolldown/binding-freebsd-x64": "npm:1.2.5"
    "@rolldown/binding-linux-arm-gnueabihf": "npm:1.2.5"
    "@rolldown/binding-linux-arm64-gnu": "npm:1.2.5"
    "@rolldown/binding-linux-arm64-musl": "npm:1.2.5"
    "@rolldown/binding-linux-ppc64-gnu": "npm:1.2.5"
    "@rolldown/binding-linux-s390x-gnu": "npm:1.2.5"
    "@rolldown/binding-linux-x64-gnu": "npm:1.2.5"
    "@rolldown/binding-linux-x64-musl": "npm:1.2.5"
    "@rolldown/binding-openharmony-arm64": "npm:1.2.5"
    "@rolldown/binding-win32-arm64-msvc": "npm:1.2.5"
    "@rolldown/binding-win32-x64-msvc": "npm:1.2.5"
    "@rolldown/pluginutils": "npm:^1.0.0"
  dependenciesMeta:
    "@rolldown/binding-android-arm-eabi":
      optional: true
    "@rolldown/binding-android-arm64":
      optional: true
    "@rolldown/binding-darwin-arm64":
      optional: true
    "@rolldown/binding-darwin-x64":
      optional: true
    "@rolldown/binding-freebsd-x64":
      optional: true
    "@rolldown/binding-linux-arm-gnueabihf":
      optional: true
    "@rolldown/binding-linux-arm64-gnu":
      optional: true
    "@rolldown/binding-linux-arm64-musl":
      optional: true
    "@rolldown/binding-linux-ppc64-gnu":
      optional: true
    "@rolldown/binding-linux-s390x-gnu":
      optional: true
    "@rolldown/binding-linux-x64-gnu":
      optional: true
    "@rolldown/binding-linux-x64-musl":
      optional: true
    "@rolldown/binding-openharmony-arm64":
      optional: true
    "@rolldown/binding-win32-arm64-msvc":
      optional: true
    "@rolldown/binding-win32-x64-msvc":
      optional: true
  bin:
    rolldown: ./bin/cli.mjs
  checksum: 10c0/f6b4840300dcf4bb1b1f901fbc55d7642caefe63fd68e3a804f99eece8f4abae39dd3cd481d395e27f73fe55111563ea2511fef758f62f4c19af7ce2b42088e9
  languageName: node
  linkType: hard

"tinyexec@npm:^1.2.4":
  version: 1.3.0
  resolution: "tinyexec@npm:1.3.0"
  checksum: 10c0/e9b89f97489d2aab2cef408da279e6b32547e738d1275032ccb8fd0028a006d93eb70fc51c6cffd9fc2f5aca6c2a273d8b6f73b52d46ee5116da6b94969ef958
  languageName: node
  linkType: hard

"tinyglobby@npm:^0.2.17":
  version: 0.2.17
  resolution: "tinyglobby@npm:0.2.17"
  dependencies:
    fdir: "npm:^6.5.0"
    picomatch: "npm:^4.0.4"
  checksum: 10c0/7f7bb0f197c88bc4b20c231e0deca4240ca3bf313a88f5a7fee93a872b84966a4d50220947c0455ad07a60b3b360961c5b7fd979222aeb716a9f99b412002e4c
  languageName: node
  linkType: hard

"tree-kill@npm:^1.2.2":
  version: 1.2.2
  resolution: "tree-kill@npm:1.2.2"
  bin:
    tree-kill: cli.js
  checksum: 10c0/7b1b7c7f17608a8f8d20a162e7957ac1ef6cd1636db1aba92f4e072dc31818c2ff0efac1e3d91064ede67ed5dc57c565420531a8134090a12ac10cf792ab14d2
  languageName: node
  linkType: hard

"tsdown@npm:^0.22.14":
  version: 0.22.14
  resolution: "tsdown@npm:0.22.14"
  dependencies:
    ansis: "npm:^4.3.1"
    cac: "npm:^7.0.0"
    defu: "npm:^6.1.7"
    empathic: "npm:^2.0.1"
    hookable: "npm:^6.1.1"
    import-without-cache: "npm:^0.4.0"
    obug: "npm:^2.1.4"
    picomatch: "npm:^4.0.5"
    rolldown: "npm:~1.2.0"
    rolldown-plugin-dts: "npm:^0.27.13"
    tinyexec: "npm:^1.2.4"
    tinyglobby: "npm:^0.2.17"
    tree-kill: "npm:^1.2.2"
    unconfig-core: "npm:^7.5.0"
    verkit: "npm:^0.3.0"
  peerDependencies:
    "@arethetypeswrong/core": ^0.18.1
    "@tsdown/css": 0.22.14
    "@tsdown/exe": 0.22.14
    "@vitejs/devtools": "*"
    publint: ^0.3.8
    tsx: "*"
    typescript: ^5.0.0 || ^6.0.0 || ^7.0.0
    unplugin-unused: ^0.5.0
    unrun: "*"
  peerDependenciesMeta:
    "@arethetypeswrong/core":
      optional: true
    "@tsdown/css":
      optional: true
    "@tsdown/exe":
      optional: true
    "@vitejs/devtools":
      optional: true
    publint:
      optional: true
    tsx:
      optional: true
    typescript:
      optional: true
    unplugin-unused:
      optional: true
    unrun:
      optional: true
  bin:
    tsdown: ./dist/run.mjs
  checksum: 10c0/d29951647247fac54539a5d97278065a9d7877c4011bc9baa976d08e3a15ce48f8f7ff308bbedf507b3a1f3acd6aecfa1b71d3284239eb9b8a5c4b27afbce35a
  languageName: node
  linkType: hard

"typescript@npm:~6.0.2":
  version: 6.0.3
  resolution: "typescript@npm:6.0.3"
  bin:
    tsc: bin/tsc
    tsserver: bin/tsserver
  checksum: 10c0/4a25ff5045b984370f48f196b3a0120779b1b343d40b9a68d114ea5e5fff099809b2bb777576991a63a5cd59cf7bffd96ff6fe10afcefbcb8bd6fb96ad4b6606
  languageName: node
  linkType: hard

"typescript@patch:typescript@npm%3A~6.0.2#optional!builtin<compat/typescript>":
  version: 6.0.3
  resolution: "typescript@patch:typescript@npm%3A6.0.3#optional!builtin<compat/typescript>::version=6.0.3&hash=5786d5"
  bin:
    tsc: bin/tsc
    tsserver: bin/tsserver
  checksum: 10c0/2f25c74e65663c248fa1ade2b8459d9ce5372ff9dad07067310f132966ebec1d93f6c42f0baf77a6b6a7a91460463f708e6887013aaade22111037457c6b25df
  languageName: node
  linkType: hard

"unconfig-core@npm:^7.5.0":
  version: 7.5.0
  resolution: "unconfig-core@npm:7.5.0"
  dependencies:
    "@quansync/fs": "npm:^1.0.0"
    quansync: "npm:^1.0.0"
  checksum: 10c0/9c9f745254aa8e267140430a432353d17ee87f625b0ea0668e189d88736828d117b66bd2dd41f1d48bd40d44d5b7c7d160e8b7996a60c8f484e2975ef73c7cb7
  languageName: node
  linkType: hard

"verkit@npm:^0.3.0":
  version: 0.3.2
  resolution: "verkit@npm:0.3.2"
  checksum: 10c0/2533d9cc4ee6514d7f0d07b035c56a1f3eedd3ec5c3a5b3df38af1f2e9412799476c250f51d034562ddeb36dea72d4530f840e7b80759bd9a527f31cc9aa54e7
  languageName: node
  linkType: hard

"vscode-css-languageservice@npm:^6.3.10":
  version: 6.3.10
  resolution: "vscode-css-languageservice@npm:6.3.10"
  dependencies:
    "@vscode/l10n": "npm:^0.0.18"
    vscode-languageserver-textdocument: "npm:^1.0.12"
    vscode-languageserver-types: "npm:3.17.5"
    vscode-uri: "npm:^3.1.0"
  checksum: 10c0/3f6228d85579c0306343c734716c17128757f3a6e44625deac06622fe248f05fe15da1901581aa50cb8d9539137a49d19f05dca6d13feb2e6bc9f3d9784236bd
  languageName: node
  linkType: hard

"vscode-languageserver-textdocument@npm:^1.0.12":
  version: 1.0.13
  resolution: "vscode-languageserver-textdocument@npm:1.0.13"
  checksum: 10c0/1de174f1de3bfa9e1660a4b3c1b1c711497196d761e33f4d00785fdbfc556ae5a1f440db04771cbc0f6bd66c2a6f303062bc17d8dc46e76820e39fa2d5626564
  languageName: node
  linkType: hard

"vscode-languageserver-types@npm:3.17.5":
  version: 3.17.5
  resolution: "vscode-languageserver-types@npm:3.17.5"
  checksum: 10c0/1e1260de79a2cc8de3e46f2e0182cdc94a7eddab487db5a3bd4ee716f67728e685852707d72c059721ce500447be9a46764a04f0611e94e4321ffa088eef36f8
  languageName: node
  linkType: hard

"vscode-uri@npm:^3.1.0":
  version: 3.1.0
  resolution: "vscode-uri@npm:3.1.0"
  checksum: 10c0/5f6c9c10fd9b1664d71fab4e9fbbae6be93c7f75bb3a1d9d74399a88ab8649e99691223fd7cef4644376cac6e94fa2c086d802521b9a8e31c5af3e60f0f35624
  languageName: node
  linkType: hard

"yuku-ast@npm:^0.8.0, yuku-ast@npm:^0.8.7":
  version: 0.8.7
  resolution: "yuku-ast@npm:0.8.7"
  dependencies:
    "@yuku-toolchain/types": "npm:^0.8.7"
  checksum: 10c0/e004f43b3fc9ed7cbe9f1272e84b54b4c3ce4d72968a09371b2cbadabf70560677407a5cbbc3dfd9181e047bb3716c9a255d725eea4d4b109c1e3f2e358166cf
  languageName: node
  linkType: hard

"yuku-codegen@npm:^0.8.0":
  version: 0.8.7
  resolution: "yuku-codegen@npm:0.8.7"
  dependencies:
    "@yuku-codegen/binding-android-arm64": "npm:0.8.7"
    "@yuku-codegen/binding-darwin-arm64": "npm:0.8.7"
    "@yuku-codegen/binding-darwin-x64": "npm:0.8.7"
    "@yuku-codegen/binding-freebsd-x64": "npm:0.8.7"
    "@yuku-codegen/binding-linux-arm-gnu": "npm:0.8.7"
    "@yuku-codegen/binding-linux-arm-musl": "npm:0.8.7"
    "@yuku-codegen/binding-linux-arm64-gnu": "npm:0.8.7"
    "@yuku-codegen/binding-linux-arm64-musl": "npm:0.8.7"
    "@yuku-codegen/binding-linux-x64-gnu": "npm:0.8.7"
    "@yuku-codegen/binding-linux-x64-musl": "npm:0.8.7"
    "@yuku-codegen/binding-win32-arm64": "npm:0.8.7"
    "@yuku-codegen/binding-win32-x64": "npm:0.8.7"
    "@yuku-toolchain/types": "npm:^0.8.7"
  dependenciesMeta:
    "@yuku-codegen/binding-android-arm64":
      optional: true
    "@yuku-codegen/binding-darwin-arm64":
      optional: true
    "@yuku-codegen/binding-darwin-x64":
      optional: true
    "@yuku-codegen/binding-freebsd-x64":
      optional: true
    "@yuku-codegen/binding-linux-arm-gnu":
      optional: true
    "@yuku-codegen/binding-linux-arm-musl":
      optional: true
    "@yuku-codegen/binding-linux-arm64-gnu":
      optional: true
    "@yuku-codegen/binding-linux-arm64-musl":
      optional: true
    "@yuku-codegen/binding-linux-x64-gnu":
      optional: true
    "@yuku-codegen/binding-linux-x64-musl":
      optional: true
    "@yuku-codegen/binding-win32-arm64":
      optional: true
    "@yuku-codegen/binding-win32-x64":
      optional: true
  checksum: 10c0/e92ee7dc7cb7769ac9597e204d9bea25fef68912f8b1f5c969ed2506dde58693ea911760a19b6ec977ca6ca48193a7fe49b1a03c2854e1a578536bc6d64f0b11
  languageName: node
  linkType: hard

"yuku-parser@npm:^0.8.0":
  version: 0.8.7
  resolution: "yuku-parser@npm:0.8.7"
  dependencies:
    "@yuku-parser/binding-android-arm64": "npm:0.8.7"
    "@yuku-parser/binding-darwin-arm64": "npm:0.8.7"
    "@yuku-parser/binding-darwin-x64": "npm:0.8.7"
    "@yuku-parser/binding-freebsd-x64": "npm:0.8.7"
    "@yuku-parser/binding-linux-arm-gnu": "npm:0.8.7"
    "@yuku-parser/binding-linux-arm-musl": "npm:0.8.7"
    "@yuku-parser/binding-linux-arm64-gnu": "npm:0.8.7"
    "@yuku-parser/binding-linux-arm64-musl": "npm:0.8.7"
    "@yuku-parser/binding-linux-x64-gnu": "npm:0.8.7"
    "@yuku-parser/binding-linux-x64-musl": "npm:0.8.7"
    "@yuku-parser/binding-win32-arm64": "npm:0.8.7"
    "@yuku-parser/binding-win32-x64": "npm:0.8.7"
    "@yuku-toolchain/types": "npm:^0.8.7"
    yuku-ast: "npm:^0.8.7"
  dependenciesMeta:
    "@yuku-parser/binding-android-arm64":
      optional: true
    "@yuku-parser/binding-darwin-arm64":
      optional: true
    "@yuku-parser/binding-darwin-x64":
      optional: true
    "@yuku-parser/binding-freebsd-x64":
      optional: true
    "@yuku-parser/binding-linux-arm-gnu":
      optional: true
    "@yuku-parser/binding-linux-arm-musl":
      optional: true
    "@yuku-parser/binding-linux-arm64-gnu":
      optional: true
    "@yuku-parser/binding-linux-arm64-musl":
      optional: true
    "@yuku-parser/binding-linux-x64-gnu":
      optional: true
    "@yuku-parser/binding-linux-x64-musl":
      optional: true
    "@yuku-parser/binding-win32-arm64":
      optional: true
    "@yuku-parser/binding-win32-x64":
      optional: true
  checksum: 10c0/0cc1b55796dd420840a70a5a01c314b4a1967ac0458141d6877c08268e8343b43e7bbc217e58d13613fc9d22efb3dccd7ff1fcfce0c62902be67d346a7eb76df
  languageName: node
  linkType: hard
